<Solution>
  <Configurations>
    <Platform Name="Any CPU" />
    <Platform Name="x64" />
    <Platform Name="x86" />
  </Configurations>
  <Folder Name="/00-Solution Items/">
    <File Path="package-lock.json" />
    <File Path="package.json" />
    <File Path="paket.dependencies" />
    <File Path="paket.lock" />
    <File Path="README.md" />
    <File Path="src/Client/vite.config.js" />
  </Folder>
  <Folder Name="/devops/">
    <File Path="devops/ImportImages.ps1" />
    <Project Path="devops/build/Build.fsproj" />
    <Project Path="devops/Migrations/Migrations.fsproj" />
  </Folder>
  <Folder Name="/src/">
    <Project Path="src/Client/Client.fsproj" />
    <Project Path="src/Domain/Domain.fsproj" />
    <Project Path="src/Infrastructure.Data/Infrastructure.Data.fsproj" />
    <Project Path="src/Server/Server.fsproj" />
    <Project Path="src/Shared/Shared.fsproj" />
  </Folder>
  <Folder Name="/tests/">
    <Project Path="tests/Client/Client.Tests.fsproj" />
    <Project Path="tests/Server/Server.Tests.fsproj" />
    <Project Path="tests/Shared/Shared.Tests.fsproj" />
  </Folder>
</Solution>
